
Microsoft Visual Studio Solution File, Format Version 12.00
# Visual Studio Version 17
VisualStudioVersion = 17.0.32112.339
MinimumVisualStudioVersion = 10.0.40219.1
Project("{FAE04EC0-301F-11D3-BF4B-00C04F79EFBC}") = "PubDev.Nuget.HttpMiddleware", "PubDev.Nuget.HttpMiddleware\PubDev.Nuget.HttpMiddleware.csproj", "{F59DFCEB-D83E-4A73-BE69-B6DDC49376B4}"
EndProject
Project("{2150E333-8FDC-42A3-9474-1A3956D46DE8}") = "src", "src", "{F1C96A80-605E-4615-AFAF-AE8E859254EE}"
EndProject
Project("{2150E333-8FDC-42A3-9474-1A3956D46DE8}") = "example", "example", "{4557C497-D2E9-4F22-BE81-B07169B6B7A9}"
EndProject
Project("{FAE04EC0-301F-11D3-BF4B-00C04F79EFBC}") = "PubDev.Nuget.HttpMiddleware.Example", "PubDev.Nuget.HttpMiddleware.Example\PubDev.Nuget.HttpMiddleware.Example.csproj", "{70B52EF1-1EE4-4288-A7B0-4425A16DF8A4}"
EndProject
Global
	GlobalSection(SolutionConfigurationPlatforms) = preSolution
		Debug|Any CPU = Debug|Any CPU
		Release|Any CPU = Release|Any CPU
	EndGlobalSection
	GlobalSection(ProjectConfigurationPlatforms) = postSolution
		{F59DFCEB-D83E-4A73-BE69-B6DDC49376B4}.Debug|Any CPU.ActiveCfg = Debug|Any CPU
		{F59DFCEB-D83E-4A73-BE69-B6DDC49376B4}.Debug|Any CPU.Build.0 = Debug|Any CPU
		{F59DFCEB-D83E-4A73-BE69-B6DDC49376B4}.Release|Any CPU.ActiveCfg = Release|Any CPU
		{F59DFCEB-D83E-4A73-BE69-B6DDC49376B4}.Release|Any CPU.Build.0 = Release|Any CPU
		{70B52EF1-1EE4-4288-A7B0-4425A16DF8A4}.Debug|Any CPU.ActiveCfg = Debug|Any CPU
		{70B52EF1-1EE4-4288-A7B0-4425A16DF8A4}.Debug|Any CPU.Build.0 = Debug|Any CPU
		{70B52EF1-1EE4-4288-A7B0-4425A16DF8A4}.Release|Any CPU.ActiveCfg = Release|Any CPU
		{70B52EF1-1EE4-4288-A7B0-4425A16DF8A4}.Release|Any CPU.Build.0 = Release|Any CPU
	EndGlobalSection
	GlobalSection(SolutionProperties) = preSolution
		HideSolutionNode = FALSE
	EndGlobalSection
	GlobalSection(NestedProjects) = preSolution
		{F59DFCEB-D83E-4A73-BE69-B6DDC49376B4} = {F1C96A80-605E-4615-AFAF-AE8E859254EE}
		{70B52EF1-1EE4-4288-A7B0-4425A16DF8A4} = {4557C497-D2E9-4F22-BE81-B07169B6B7A9}
	EndGlobalSection
	GlobalSection(ExtensibilityGlobals) = postSolution
		SolutionGuid = {068145BC-A5C6-4172-A3A4-E6836B171180}
	EndGlobalSection
EndGlobal
